
Microsoft Visual Studio Solution File, Format Version 12.00
# Visual Studio 15
VisualStudioVersion = 15.0.28307.168
MinimumVisualStudioVersion = 10.0.40219.1
Project("{FAE04EC0-301F-11D3-BF4B-00C04F79EFBC}") = "Task4", "Task4\Task4.csproj", "{D0D14F32-06C9-4420-9FED-39DEA9E92293}"
EndProject
Global
	GlobalSection(SolutionConfigurationPlatforms) = preSolution
		Debug|Any CPU = Debug|Any CPU
		Release|Any CPU = Release|Any CPU
	EndGlobalSection
	GlobalSection(ProjectConfigurationPlatforms) = postSolution
		{D0D14F32-06C9-4420-9FED-39DEA9E92293}.Debug|Any CPU.ActiveCfg = Debug|Any CPU
		{D0D14F32-06C9-4420-9FED-39DEA9E92293}.Debug|Any CPU.Build.0 = Debug|Any CPU
		{D0D14F32-06C9-4420-9FED-39DEA9E92293}.Release|Any CPU.ActiveCfg = Release|Any CPU
		{D0D14F32-06C9-4420-9FED-39DEA9E92293}.Release|Any CPU.Build.0 = Release|Any CPU
	EndGlobalSection
	GlobalSection(SolutionProperties) = preSolution
		HideSolutionNode = FALSE
	EndGlobalSection
	GlobalSection(ExtensibilityGlobals) = postSolution
		SolutionGuid = {A9A639A0-959A-4DF9-8AD4-6DE10C1356DF}
	EndGlobalSection
EndGlobal
